
Microsoft Visual Studio Solution File, Format Version 11.00
# Visual Studio 2010
Project("{FAE04EC0-301F-11D3-BF4B-00C04F79EFBC}") = "client", "client.csproj", "{F8F8EC5A-27E4-4DE4-BCE7-2FFDD483A03E}"
EndProject
Global
	GlobalSection(SolutionConfigurationPlatforms) = preSolution
		Debug|x86 = Debug|x86
		Release|x86 = Release|x86
	EndGlobalSection
	GlobalSection(ProjectConfigurationPlatforms) = postSolution
		{F8F8EC5A-27E4-4DE4-BCE7-2FFDD483A03E}.Debug|x86.ActiveCfg = Debug|x86
		{F8F8EC5A-27E4-4DE4-BCE7-2FFDD483A03E}.Debug|x86.Build.0 = Debug|x86
		{F8F8EC5A-27E4-4DE4-BCE7-2FFDD483A03E}.Release|x86.ActiveCfg = Release|x86
		{F8F8EC5A-27E4-4DE4-BCE7-2FFDD483A03E}.Release|x86.Build.0 = Release|x86
	EndGlobalSection
	GlobalSection(SolutionProperties) = preSolution
		HideSolutionNode = FALSE
	EndGlobalSection
EndGlobal
